{
  "requires": true,
  "lockfileVersion": 1,
  "dependencies": {
    "@angular/cdk": {
      "version": "6.4.6",
      "resolved": "https://registry.npmjs.org/@angular/cdk/-/cdk-6.4.6.tgz",
      "integrity": "sha512-XKSoeSP4htpOq2UIyF9KDhIJtEQ3wyhZRjDxyRSNmJ9OsuRZxJAGCAzOX5RpMszOyFZgUNVycOi+1lHDe0JrZg==",
      "requires": {
        "tslib": "^1.7.1"
      }
    },
    "@angular/material": {
      "version": "6.4.6",
      "resolved": "https://registry.npmjs.org/@angular/material/-/material-6.4.6.tgz",
      "integrity": "sha512-SUSg9MhLv4IZj6Nh8qoCLDImZugCQ+Jvvt+/cDIaTn6TrT6ZenDHc6jOhbGFesU6FuBDBFIXMiuBPD9kBr7vaA==",
      "requires": {
        "parse5": "^5.0.0",
        "tslib": "^1.7.1"
      }
    },
    "parse5": {
      "version": "5.1.0",
      "resolved": "https://registry.npmjs.org/parse5/-/parse5-5.1.0.tgz",
      "integrity": "sha512-fxNG2sQjHvlVAYmzBZS9YlDp6PTSSDwa98vkD4QgVDDCAo84z5X1t5XyJQ62ImdLXx5NdIIfihey6xpum9/gRQ==",
      "optional": true
    },
    "tslib": {
      "version": "1.9.3",
      "resolved": "https://registry.npmjs.org/tslib/-/tslib-1.9.3.tgz",
      "integrity": "sha512-4krF8scpejhaOgqzBEcGM7yDIEfi0/8+8zDRZhNZZ2kjmHJ4hv3zCbQWxoJGz1iw5U0Jl0nma13xzHXcncMavQ=="
    }
  }
}
